
Microsoft Visual Studio Solution File, Format Version 12.00
# Visual Studio Version 17
VisualStudioVersion = 17.13.35825.156 d17.13
MinimumVisualStudioVersion = 10.0.40219.1
Project("{FAE04EC0-301F-11D3-BF4B-00C04F79EFBC}") = "Compiler_Kursovaya", "Compiler_Kursovaya\Compiler_Kursovaya.csproj", "{BD811182-30BC-46F9-A6A1-5E3F2C13C885}"
EndProject
Global
	GlobalSection(SolutionConfigurationPlatforms) = preSolution
		Debug|Any CPU = Debug|Any CPU
		Release|Any CPU = Release|Any CPU
	EndGlobalSection
	GlobalSection(ProjectConfigurationPlatforms) = postSolution
		{BD811182-30BC-46F9-A6A1-5E3F2C13C885}.Debug|Any CPU.ActiveCfg = Debug|Any CPU
		{BD811182-30BC-46F9-A6A1-5E3F2C13C885}.Debug|Any CPU.Build.0 = Debug|Any CPU
		{BD811182-30BC-46F9-A6A1-5E3F2C13C885}.Release|Any CPU.ActiveCfg = Release|Any CPU
		{BD811182-30BC-46F9-A6A1-5E3F2C13C885}.Release|Any CPU.Build.0 = Release|Any CPU
	EndGlobalSection
	GlobalSection(SolutionProperties) = preSolution
		HideSolutionNode = FALSE
	EndGlobalSection
	GlobalSection(ExtensibilityGlobals) = postSolution
		SolutionGuid = {95406EE3-8BAC-44C4-A87E-1E60BE8D1FC9}
	EndGlobalSection
EndGlobal
